# THIS IS AN AUTOGENERATED FILE. DO NOT EDIT THIS FILE DIRECTLY.
# yarn lockfile v1


"@types/module-alias@^2.0.1":
  version "2.0.1"
  resolved "https://pkgs.dev.azure.com/golhub/_packaging/gol-npm/npm/registry/@types/module-alias/-/module-alias-2.0.1.tgz#e5893236ce922152d57c5f3f978f764f4deeb45f"
  integrity sha1-5YkyNs6SIVLVfF8/l492T03utF8=

"@types/node@^16.3.3":
  version "16.3.3"
  resolved "https://pkgs.dev.azure.com/golhub/_packaging/gol-npm/npm/registry/@types/node/-/node-16.3.3.tgz#0c30adff37bbbc7a50eb9b58fae2a504d0d88038"
  integrity sha1-DDCt/ze7vHpQ65tY+uKlBNDYgDg=

module-alias@^2.2.2:
  version "2.2.2"
  resolved "https://pkgs.dev.azure.com/golhub/_packaging/gol-npm/npm/registry/module-alias/-/module-alias-2.2.2.tgz#151cdcecc24e25739ff0aa6e51e1c5716974c0e0"
  integrity sha1-FRzc7MJOJXOf8KpuUeHFcWl0wOA=

typescript@^4.3.5:
  version "4.3.5"
  resolved "https://pkgs.dev.azure.com/golhub/_packaging/gol-npm/npm/registry/typescript/-/typescript-4.3.5.tgz#4d1c37cc16e893973c45a06886b7113234f119f4"
  integrity sha1-TRw3zBbok5c8RaBohrcRMjTxGfQ=
